// !$*UTF8*$!
{
	archiveVersion = 1;
	classes = {
	};
	objectVersion = 50;
	objects = {

/* Begin PBXBuildFile section */
		AD45089E22E0159400C63C6E /* Entity.swift in Sources */ = {isa = PBXBuildFile; fileRef = AD45089D22E0159400C63C6E /* Entity.swift */; };
		AD4508A222E0172400C63C6E /* NetworkLayer.swift in Sources */ = {isa = PBXBuildFile; fileRef = AD4508A122E0172400C63C6E /* NetworkLayer.swift */; };
		AD4508A622E01A6800C63C6E /* ScoreAnalysisProtocols.swift in Sources */ = {isa = PBXBuildFile; fileRef = AD4508A522E01A6800C63C6E /* ScoreAnalysisProtocols.swift */; };
		AD4508A922E01A8500C63C6E /* ScoreAnalysisRouter.swift in Sources */ = {isa = PBXBuildFile; fileRef = AD4508A822E01A8500C63C6E /* ScoreAnalysisRouter.swift */; };
		AD49343122DF78260042D6D7 /* AppDelegate.swift in Sources */ = {isa = PBXBuildFile; fileRef = AD49343022DF78260042D6D7 /* AppDelegate.swift */; };
		AD49343322DF78260042D6D7 /* ScoreAnalysisViewController.swift in Sources */ = {isa = PBXBuildFile; fileRef = AD49343222DF78260042D6D7 /* ScoreAnalysisViewController.swift */; };
		AD49343622DF78260042D6D7 /* Main.storyboard in Resources */ = {isa = PBXBuildFile; fileRef = AD49343422DF78260042D6D7 /* Main.storyboard */; };
		AD49343922DF78260042D6D7 /* Craft_Demo.xcdatamodeld in Sources */ = {isa = PBXBuildFile; fileRef = AD49343722DF78260042D6D7 /* Craft_Demo.xcdatamodeld */; };
		AD49343B22DF78270042D6D7 /* Assets.xcassets in Resources */ = {isa = PBXBuildFile; fileRef = AD49343A22DF78270042D6D7 /* Assets.xcassets */; };
		AD49343E22DF78270042D6D7 /* LaunchScreen.storyboard in Resources */ = {isa = PBXBuildFile; fileRef = AD49343C22DF78270042D6D7 /* LaunchScreen.storyboard */; };
		AD49344922DF78270042D6D7 /* Craft_DemoTests.swift in Sources */ = {isa = PBXBuildFile; fileRef = AD49344822DF78270042D6D7 /* Craft_DemoTests.swift */; };
/* End PBXBuildFile section */

/* Begin PBXContainerItemProxy section */
		AD49344522DF78270042D6D7 /* PBXContainerItemProxy */ = {
			isa = PBXContainerItemProxy;
			containerPortal = AD49342522DF78260042D6D7 /* Project object */;
			proxyType = 1;
			remoteGlobalIDString = AD49342C22DF78260042D6D7;
			remoteInfo = Craft_Demo;
		};
/* End PBXContainerItemProxy section */

/* Begin PBXFileReference section */
		AD45089D22E0159400C63C6E /* Entity.swift */ = {isa = PBXFileReference; lastKnownFileType = sourcecode.swift; path = Entity.swift; sourceTree = "<group>"; };
		AD4508A122E0172400C63C6E /* NetworkLayer.swift */ = {isa = PBXFileReference; lastKnownFileType = sourcecode.swift; path = NetworkLayer.swift; sourceTree = "<group>"; };
		AD4508A522E01A6800C63C6E /* ScoreAnalysisProtocols.swift */ = {isa = PBXFileReference; lastKnownFileType = sourcecode.swift; path = ScoreAnalysisProtocols.swift; sourceTree = "<group>"; };
		AD4508A822E01A8500C63C6E /* ScoreAnalysisRouter.swift */ = {isa = PBXFileReference; lastKnownFileType = sourcecode.swift; path = ScoreAnalysisRouter.swift; sourceTree = "<group>"; };
		AD49342D22DF78260042D6D7 /* Craft_Demo.app */ = {isa = PBXFileReference; explicitFileType = wrapper.application; includeInIndex = 0; path = Craft_Demo.app; sourceTree = BUILT_PRODUCTS_DIR; };
		AD49343022DF78260042D6D7 /* AppDelegate.swift */ = {isa = PBXFileReference; lastKnownFileType = sourcecode.swift; path = AppDelegate.swift; sourceTree = "<group>"; };
		AD49343222DF78260042D6D7 /* ScoreAnalysisViewController.swift */ = {isa = PBXFileReference; lastKnownFileType = sourcecode.swift; path = ScoreAnalysisViewController.swift; sourceTree = "<group>"; };
		AD49343522DF78260042D6D7 /* Base */ = {isa = PBXFileReference; lastKnownFileType = file.storyboard; name = Base; path = Base.lproj/Main.storyboard; sourceTree = "<group>"; };
		AD49343822DF78260042D6D7 /* Craft_Demo.xcdatamodel */ = {isa = PBXFileReference; lastKnownFileType = wrapper.xcdatamodel; path = Craft_Demo.xcdatamodel; sourceTree = "<group>"; };
		AD49343A22DF78270042D6D7 /* Assets.xcassets */ = {isa = PBXFileReference; lastKnownFileType = folder.assetcatalog; path = Assets.xcassets; sourceTree = "<group>"; };
		AD49343D22DF78270042D6D7 /* Base */ = {isa = PBXFileReference; lastKnownFileType = file.storyboard; name = Base; path = Base.lproj/LaunchScreen.storyboard; sourceTree = "<group>"; };
		AD49343F22DF78270042D6D7 /* Info.plist */ = {isa = PBXFileReference; lastKnownFileType = text.plist.xml; path = Info.plist; sourceTree = "<group>"; };
		AD49344422DF78270042D6D7 /* Craft_DemoTests.xctest */ = {isa = PBXFileReference; explicitFileType = wrapper.cfbundle; includeInIndex = 0; path = Craft_DemoTests.xctest; sourceTree = BUILT_PRODUCTS_DIR; };
		AD49344822DF78270042D6D7 /* Craft_DemoTests.swift */ = {isa = PBXFileReference; lastKnownFileType = sourcecode.swift; path = Craft_DemoTests.swift; sourceTree = "<group>"; };
		AD49344A22DF78270042D6D7 /* Info.plist */ = {isa = PBXFileReference; lastKnownFileType = text.plist.xml; path = Info.plist; sourceTree = "<group>"; };
/* End PBXFileReference section */

/* Begin PBXFrameworksBuildPhase section */
		AD49342A22DF78260042D6D7 /* Frameworks */ = {
			isa = PBXFrameworksBuildPhase;
			buildActionMask = 2147483647;
			files = (
			);
			runOnlyForDeploymentPostprocessing = 0;
		};
		AD49344122DF78270042D6D7 /* Frameworks */ = {
			isa = PBXFrameworksBuildPhase;
			buildActionMask = 2147483647;
			files = (
			);
			runOnlyForDeploymentPostprocessing = 0;
		};
/* End PBXFrameworksBuildPhase section */

/* Begin PBXGroup section */
		AD45089F22E015A900C63C6E /* others */ = {
			isa = PBXGroup;
			children = (
				AD49343422DF78260042D6D7 /* Main.storyboard */,
				AD49343A22DF78270042D6D7 /* Assets.xcassets */,
				AD49343C22DF78270042D6D7 /* LaunchScreen.storyboard */,
			);
			path = others;
			sourceTree = "<group>";
		};
		AD4508A022E015BC00C63C6E /* CoreData */ = {
			isa = PBXGroup;
			children = (
				AD49343722DF78260042D6D7 /* Craft_Demo.xcdatamodeld */,
			);
			path = CoreData;
			sourceTree = "<group>";
		};
		AD4508A322E019F600C63C6E /* Entity+Network */ = {
			isa = PBXGroup;
			children = (
				AD45089D22E0159400C63C6E /* Entity.swift */,
				AD4508A122E0172400C63C6E /* NetworkLayer.swift */,
			);
			path = "Entity+Network";
			sourceTree = "<group>";
		};
		AD4508A422E01A4700C63C6E /* Views */ = {
			isa = PBXGroup;
			children = (
				AD49343222DF78260042D6D7 /* ScoreAnalysisViewController.swift */,
			);
			path = Views;
			sourceTree = "<group>";
		};
		AD4508A722E01A6C00C63C6E /* Protocols */ = {
			isa = PBXGroup;
			children = (
				AD4508A522E01A6800C63C6E /* ScoreAnalysisProtocols.swift */,
			);
			path = Protocols;
			sourceTree = "<group>";
		};
		AD4508AA22E01A9000C63C6E /* Router */ = {
			isa = PBXGroup;
			children = (
				AD4508A822E01A8500C63C6E /* ScoreAnalysisRouter.swift */,
			);
			path = Router;
			sourceTree = "<group>";
		};
		AD49342422DF78260042D6D7 = {
			isa = PBXGroup;
			children = (
				AD49342F22DF78260042D6D7 /* Craft_Demo */,
				AD49344722DF78270042D6D7 /* Craft_DemoTests */,
				AD49342E22DF78260042D6D7 /* Products */,
			);
			sourceTree = "<group>";
		};
		AD49342E22DF78260042D6D7 /* Products */ = {
			isa = PBXGroup;
			children = (
				AD49342D22DF78260042D6D7 /* Craft_Demo.app */,
				AD49344422DF78270042D6D7 /* Craft_DemoTests.xctest */,
			);
			name = Products;
			sourceTree = "<group>";
		};
		AD49342F22DF78260042D6D7 /* Craft_Demo */ = {
			isa = PBXGroup;
			children = (
				AD49343022DF78260042D6D7 /* AppDelegate.swift */,
				AD4508A722E01A6C00C63C6E /* Protocols */,
				AD4508AA22E01A9000C63C6E /* Router */,
				AD4508A422E01A4700C63C6E /* Views */,
				AD4508A322E019F600C63C6E /* Entity+Network */,
				AD45089F22E015A900C63C6E /* others */,
				AD49343F22DF78270042D6D7 /* Info.plist */,
				AD4508A022E015BC00C63C6E /* CoreData */,
			);
			path = Craft_Demo;
			sourceTree = "<group>";
		};
		AD49344722DF78270042D6D7 /* Craft_DemoTests */ = {
			isa = PBXGroup;
			children = (
				AD49344822DF78270042D6D7 /* Craft_DemoTests.swift */,
				AD49344A22DF78270042D6D7 /* Info.plist */,
			);
			path = Craft_DemoTests;
			sourceTree = "<group>";
		};
/* End PBXGroup section */

/* Begin PBXNativeTarget section */
		AD49342C22DF78260042D6D7 /* Craft_Demo */ = {
			isa = PBXNativeTarget;
			buildConfigurationList = AD49344D22DF78270042D6D7 /* Build configuration list for PBXNativeTarget "Craft_Demo" */;
			buildPhases = (
				AD49342922DF78260042D6D7 /* Sources */,
				AD49342A22DF78260042D6D7 /* Frameworks */,
				AD49342B22DF78260042D6D7 /* Resources */,
			);
			buildRules = (
			);
			dependencies = (
			);
			name = Craft_Demo;
			productName = Craft_Demo;
			productReference = AD49342D22DF78260042D6D7 /* Craft_Demo.app */;
			productType = "com.apple.product-type.application";
		};
		AD49344322DF78270042D6D7 /* Craft_DemoTests */ = {
			isa = PBXNativeTarget;
			buildConfigurationList = AD49345022DF78270042D6D7 /* Build configuration list for PBXNativeTarget "Craft_DemoTests" */;
			buildPhases = (
				AD49344022DF78270042D6D7 /* Sources */,
				AD49344122DF78270042D6D7 /* Frameworks */,
				AD49344222DF78270042D6D7 /* Resources */,
			);
			buildRules = (
			);
			dependencies = (
				AD49344622DF78270042D6D7 /* PBXTargetDependency */,
			);
			name = Craft_DemoTests;
			productName = Craft_DemoTests;
			productReference = AD49344422DF78270042D6D7 /* Craft_DemoTests.xctest */;
			productType = "com.apple.product-type.bundle.unit-test";
		};
/* End PBXNativeTarget section */

/* Begin PBXProject section */
		AD49342522DF78260042D6D7 /* Project object */ = {
			isa = PBXProject;
			attributes = {
				LastSwiftUpdateCheck = 1020;
				LastUpgradeCheck = 1020;
				ORGANIZATIONNAME = "Team A";
				TargetAttributes = {
					AD49342C22DF78260042D6D7 = {
						CreatedOnToolsVersion = 10.2.1;
					};
					AD49344322DF78270042D6D7 = {
						CreatedOnToolsVersion = 10.2.1;
						TestTargetID = AD49342C22DF78260042D6D7;
					};
				};
			};
			buildConfigurationList = AD49342822DF78260042D6D7 /* Build configuration list for PBXProject "Craft_Demo" */;
			compatibilityVersion = "Xcode 9.3";
			developmentRegion = en;
			hasScannedForEncodings = 0;
			knownRegions = (
				en,
				Base,
			);
			mainGroup = AD49342422DF78260042D6D7;
			productRefGroup = AD49342E22DF78260042D6D7 /* Products */;
			projectDirPath = "";
			projectRoot = "";
			targets = (
				AD49342C22DF78260042D6D7 /* Craft_Demo */,
				AD49344322DF78270042D6D7 /* Craft_DemoTests */,
			);
		};
/* End PBXProject section */

/* Begin PBXResourcesBuildPhase section */
		AD49342B22DF78260042D6D7 /* Resources */ = {
			isa = PBXResourcesBuildPhase;
			buildActionMask = 2147483647;
			files = (
				AD49343E22DF78270042D6D7 /* LaunchScreen.storyboard in Resources */,
				AD49343B22DF78270042D6D7 /* Assets.xcassets in Resources */,
				AD49343622DF78260042D6D7 /* Main.storyboard in Resources */,
			);
			runOnlyForDeploymentPostprocessing = 0;
		};
		AD49344222DF78270042D6D7 /* Resources */ = {
			isa = PBXResourcesBuildPhase;
			buildActionMask = 2147483647;
			files = (
			);
			runOnlyForDeploymentPostprocessing = 0;
		};
/* End PBXResourcesBuildPhase section */

/* Begin PBXSourcesBuildPhase section */
		AD49342922DF78260042D6D7 /* Sources */ = {
			isa = PBXSourcesBuildPhase;
			buildActionMask = 2147483647;
			files = (
				AD45089E22E0159400C63C6E /* Entity.swift in Sources */,
				AD49343322DF78260042D6D7 /* ScoreAnalysisViewController.swift in Sources */,
				AD4508A922E01A8500C63C6E /* ScoreAnalysisRouter.swift in Sources */,
				AD49343922DF78260042D6D7 /* Craft_Demo.xcdatamodeld in Sources */,
				AD4508A222E0172400C63C6E /* NetworkLayer.swift in Sources */,
				AD4508A622E01A6800C63C6E /* ScoreAnalysisProtocols.swift in Sources */,
				AD49343122DF78260042D6D7 /* AppDelegate.swift in Sources */,
			);
			runOnlyForDeploymentPostprocessing = 0;
		};
		AD49344022DF78270042D6D7 /* Sources */ = {
			isa = PBXSourcesBuildPhase;
			buildActionMask = 2147483647;
			files = (
				AD49344922DF78270042D6D7 /* Craft_DemoTests.swift in Sources */,
			);
			runOnlyForDeploymentPostprocessing = 0;
		};
/* End PBXSourcesBuildPhase section */

/* Begin PBXTargetDependency section */
		AD49344622DF78270042D6D7 /* PBXTargetDependency */ = {
			isa = PBXTargetDependency;
			target = AD49342C22DF78260042D6D7 /* Craft_Demo */;
			targetProxy = AD49344522DF78270042D6D7 /* PBXContainerItemProxy */;
		};
/* End PBXTargetDependency section */

/* Begin PBXVariantGroup section */
		AD49343422DF78260042D6D7 /* Main.storyboard */ = {
			isa = PBXVariantGroup;
			children = (
				AD49343522DF78260042D6D7 /* Base */,
			);
			name = Main.storyboard;
			sourceTree = "<group>";
		};
		AD49343C22DF78270042D6D7 /* LaunchScreen.storyboard */ = {
			isa = PBXVariantGroup;
			children = (
				AD49343D22DF78270042D6D7 /* Base */,
			);
			name = LaunchScreen.storyboard;
			sourceTree = "<group>";
		};
/* End PBXVariantGroup section */

/* Begin XCBuildConfiguration section */
		AD49344B22DF78270042D6D7 /* Debug */ = {
			isa = XCBuildConfiguration;
			buildSettings = {
				ALWAYS_SEARCH_USER_PATHS = NO;
				CLANG_ANALYZER_NONNULL = YES;
				CLANG_ANALYZER_NUMBER_OBJECT_CONVERSION = YES_AGGRESSIVE;
				CLANG_CXX_LANGUAGE_STANDARD = "gnu++14";
				CLANG_CXX_LIBRARY = "libc++";
				CLANG_ENABLE_MODULES = YES;
				CLANG_ENABLE_OBJC_ARC = YES;
				CLANG_ENABLE_OBJC_WEAK = YES;
				CLANG_WARN_BLOCK_CAPTURE_AUTORELEASING = YES;
				CLANG_WARN_BOOL_CONVERSION = YES;
				CLANG_WARN_COMMA = YES;
				CLANG_WARN_CONSTANT_CONVERSION = YES;
				CLANG_WARN_DEPRECATED_OBJC_IMPLEMENTATIONS = YES;
				CLANG_WARN_DIRECT_OBJC_ISA_USAGE = YES_ERROR;
				CLANG_WARN_DOCUMENTATION_COMMENTS = YES;
				CLANG_WARN_EMPTY_BODY = YES;
				CLANG_WARN_ENUM_CONVERSION = YES;
				CLANG_WARN_INFINITE_RECURSION = YES;
				CLANG_WARN_INT_CONVERSION = YES;
				CLANG_WARN_NON_LITERAL_NULL_CONVERSION = YES;
				CLANG_WARN_OBJC_IMPLICIT_RETAIN_SELF = YES;
				CLANG_WARN_OBJC_LITERAL_CONVERSION = YES;
				CLANG_WARN_OBJC_ROOT_CLASS = YES_ERROR;
				CLANG_WARN_RANGE_LOOP_ANALYSIS = YES;
				CLANG_WARN_STRICT_PROTOTYPES = YES;
				CLANG_WARN_SUSPICIOUS_MOVE = YES;
				CLANG_WARN_UNGUARDED_AVAILABILITY = YES_AGGRESSIVE;
				CLANG_WARN_UNREACHABLE_CODE = YES;
				CLANG_WARN__DUPLICATE_METHOD_MATCH = YES;
				CODE_SIGN_IDENTITY = "iPhone Developer";
				COPY_PHASE_STRIP = NO;
				DEBUG_INFORMATION_FORMAT = dwarf;
				ENABLE_STRICT_OBJC_MSGSEND = YES;
				ENABLE_TESTABILITY = YES;
				GCC_C_LANGUAGE_STANDARD = gnu11;
				GCC_DYNAMIC_NO_PIC = NO;
				GCC_NO_COMMON_BLOCKS = YES;
				GCC_OPTIMIZATION_LEVEL = 0;
				GCC_PREPROCESSOR_DEFINITIONS = (
					"DEBUG=1",
					"$(inherited)",
				);
				GCC_WARN_64_TO_32_BIT_CONVERSION = YES;
				GCC_WARN_ABOUT_RETURN_TYPE = YES_ERROR;
				GCC_WARN_UNDECLARED_SELECTOR = YES;
				GCC_WARN_UNINITIALIZED_AUTOS = YES_AGGRESSIVE;
				GCC_WARN_UNUSED_FUNCTION = YES;
				GCC_WARN_UNUSED_VARIABLE = YES;
				IPHONEOS_DEPLOYMENT_TARGET = 12.2;
				MTL_ENABLE_DEBUG_INFO = INCLUDE_SOURCE;
				MTL_FAST_MATH = YES;
				ONLY_ACTIVE_ARCH = YES;
				SDKROOT = iphoneos;
				SWIFT_ACTIVE_COMPILATION_CONDITIONS = DEBUG;
				SWIFT_OPTIMIZATION_LEVEL = "-Onone";
			};
			name = Debug;
		};
		AD49344C22DF78270042D6D7 /* Release */ = {
			isa = XCBuildConfiguration;
			buildSettings = {
				ALWAYS_SEARCH_USER_PATHS = NO;
				CLANG_ANALYZER_NONNULL = YES;
				CLANG_ANALYZER_NUMBER_OBJECT_CONVERSION = YES_AGGRESSIVE;
				CLANG_CXX_LANGUAGE_STANDARD = "gnu++14";
				CLANG_CXX_LIBRARY = "libc++";
				CLANG_ENABLE_MODULES = YES;
				CLANG_ENABLE_OBJC_ARC = YES;
				CLANG_ENABLE_OBJC_WEAK = YES;
				CLANG_WARN_BLOCK_CAPTURE_AUTORELEASING = YES;
				CLANG_WARN_BOOL_CONVERSION = YES;
				CLANG_WARN_COMMA = YES;
				CLANG_WARN_CONSTANT_CONVERSION = YES;
				CLANG_WARN_DEPRECATED_OBJC_IMPLEMENTATIONS = YES;
				CLANG_WARN_DIRECT_OBJC_ISA_USAGE = YES_ERROR;
				CLANG_WARN_DOCUMENTATION_COMMENTS = YES;
				CLANG_WARN_EMPTY_BODY = YES;
				CLANG_WARN_ENUM_CONVERSION = YES;
				CLANG_WARN_INFINITE_RECURSION = YES;
				CLANG_WARN_INT_CONVERSION = YES;
				CLANG_WARN_NON_LITERAL_NULL_CONVERSION = YES;
				CLANG_WARN_OBJC_IMPLICIT_RETAIN_SELF = YES;
				CLANG_WARN_OBJC_LITERAL_CONVERSION = YES;
				CLANG_WARN_OBJC_ROOT_CLASS = YES_ERROR;
				CLANG_WARN_RANGE_LOOP_ANALYSIS = YES;
				CLANG_WARN_STRICT_PROTOTYPES = YES;
				CLANG_WARN_SUSPICIOUS_MOVE = YES;
				CLANG_WARN_UNGUARDED_AVAILABILITY = YES_AGGRESSIVE;
				CLANG_WARN_UNREACHABLE_CODE = YES;
				CLANG_WARN__DUPLICATE_METHOD_MATCH = YES;
				CODE_SIGN_IDENTITY = "iPhone Developer";
				COPY_PHASE_STRIP = NO;
				DEBUG_INFORMATION_FORMAT = "dwarf-with-dsym";
				ENABLE_NS_ASSERTIONS = NO;
				ENABLE_STRICT_OBJC_MSGSEND = YES;
				GCC_C_LANGUAGE_STANDARD = gnu11;
				GCC_NO_COMMON_BLOCKS = YES;
				GCC_WARN_64_TO_32_BIT_CONVERSION = YES;
				GCC_WARN_ABOUT_RETURN_TYPE = YES_ERROR;
				GCC_WARN_UNDECLARED_SELECTOR = YES;
				GCC_WARN_UNINITIALIZED_AUTOS = YES_AGGRESSIVE;
				GCC_WARN_UNUSED_FUNCTION = YES;
				GCC_WARN_UNUSED_VARIABLE = YES;
				IPHONEOS_DEPLOYMENT_TARGET = 12.2;
				MTL_ENABLE_DEBUG_INFO = NO;
				MTL_FAST_MATH = YES;
				SDKROOT = iphoneos;
				SWIFT_COMPILATION_MODE = wholemodule;
				SWIFT_OPTIMIZATION_LEVEL = "-O";
				VALIDATE_PRODUCT = YES;
			};
			name = Release;
		};
		AD49344E22DF78270042D6D7 /* Debug */ = {
			isa = XCBuildConfiguration;
			buildSettings = {
				ASSETCATALOG_COMPILER_APPICON_NAME = AppIcon;
				CODE_SIGN_STYLE = Automatic;
				DEVELOPMENT_TEAM = W3Z9URG96M;
				INFOPLIST_FILE = Craft_Demo/Info.plist;
				LD_RUNPATH_SEARCH_PATHS = (
					"$(inherited)",
					"@executable_path/Frameworks",
				);
				PRODUCT_BUNDLE_IDENTIFIER = "com.ashislaha.Craft-Demo";
				PRODUCT_NAME = "$(TARGET_NAME)";
				SWIFT_VERSION = 5.0;
				TARGETED_DEVICE_FAMILY = "1,2";
			};
			name = Debug;
		};
		AD49344F22DF78270042D6D7 /* Release */ = {
			isa = XCBuildConfiguration;
			buildSettings = {
				ASSETCATALOG_COMPILER_APPICON_NAME = AppIcon;
				CODE_SIGN_STYLE = Automatic;
				DEVELOPMENT_TEAM = W3Z9URG96M;
				INFOPLIST_FILE = Craft_Demo/Info.plist;
				LD_RUNPATH_SEARCH_PATHS = (
					"$(inherited)",
					"@executable_path/Frameworks",
				);
				PRODUCT_BUNDLE_IDENTIFIER = "com.ashislaha.Craft-Demo";
				PRODUCT_NAME = "$(TARGET_NAME)";
				SWIFT_VERSION = 5.0;
				TARGETED_DEVICE_FAMILY = "1,2";
			};
			name = Release;
		};
		AD49345122DF78270042D6D7 /* Debug */ = {
			isa = XCBuildConfiguration;
			buildSettings = {
				ALWAYS_EMBED_SWIFT_STANDARD_LIBRARIES = YES;
				BUNDLE_LOADER = "$(TEST_HOST)";
				CODE_SIGN_STYLE = Automatic;
				DEVELOPMENT_TEAM = W3Z9URG96M;
				INFOPLIST_FILE = Craft_DemoTests/Info.plist;
				LD_RUNPATH_SEARCH_PATHS = (
					"$(inherited)",
					"@executable_path/Frameworks",
					"@loader_path/Frameworks",
				);
				PRODUCT_BUNDLE_IDENTIFIER = "com.ashislaha.Craft-DemoTests";
				PRODUCT_NAME = "$(TARGET_NAME)";
				SWIFT_VERSION = 5.0;
				TARGETED_DEVICE_FAMILY = "1,2";
				TEST_HOST = "$(BUILT_PRODUCTS_DIR)/Craft_Demo.app/Craft_Demo";
			};
			name = Debug;
		};
		AD49345222DF78270042D6D7 /* Release */ = {
			isa = XCBuildConfiguration;
			buildSettings = {
				ALWAYS_EMBED_SWIFT_STANDARD_LIBRARIES = YES;
				BUNDLE_LOADER = "$(TEST_HOST)";
				CODE_SIGN_STYLE = Automatic;
				DEVELOPMENT_TEAM = W3Z9URG96M;
				INFOPLIST_FILE = Craft_DemoTests/Info.plist;
				LD_RUNPATH_SEARCH_PATHS = (
					"$(inherited)",
					"@executable_path/Frameworks",
					"@loader_path/Frameworks",
				);
				PRODUCT_BUNDLE_IDENTIFIER = "com.ashislaha.Craft-DemoTests";
				PRODUCT_NAME = "$(TARGET_NAME)";
				SWIFT_VERSION = 5.0;
				TARGETED_DEVICE_FAMILY = "1,2";
				TEST_HOST = "$(BUILT_PRODUCTS_DIR)/Craft_Demo.app/Craft_Demo";
			};
			name = Release;
		};
/* End XCBuildConfiguration section */

/* Begin XCConfigurationList section */
		AD49342822DF78260042D6D7 /* Build configuration list for PBXProject "Craft_Demo" */ = {
			isa = XCConfigurationList;
			buildConfigurations = (
				AD49344B22DF78270042D6D7 /* Debug */,
				AD49344C22DF78270042D6D7 /* Release */,
			);
			defaultConfigurationIsVisible = 0;
			defaultConfigurationName = Release;
		};
		AD49344D22DF78270042D6D7 /* Build configuration list for PBXNativeTarget "Craft_Demo" */ = {
			isa = XCConfigurationList;
			buildConfigurations = (
				AD49344E22DF78270042D6D7 /* Debug */,
				AD49344F22DF78270042D6D7 /* Release */,
			);
			defaultConfigurationIsVisible = 0;
			defaultConfigurationName = Release;
		};
		AD49345022DF78270042D6D7 /* Build configuration list for PBXNativeTarget "Craft_DemoTests" */ = {
			isa = XCConfigurationList;
			buildConfigurations = (
				AD49345122DF78270042D6D7 /* Debug */,
				AD49345222DF78270042D6D7 /* Release */,
			);
			defaultConfigurationIsVisible = 0;
			defaultConfigurationName = Release;
		};
/* End XCConfigurationList section */

/* Begin XCVersionGroup section */
		AD49343722DF78260042D6D7 /* Craft_Demo.xcdatamodeld */ = {
			isa = XCVersionGroup;
			children = (
				AD49343822DF78260042D6D7 /* Craft_Demo.xcdatamodel */,
			);
			currentVersion = AD49343822DF78260042D6D7 /* Craft_Demo.xcdatamodel */;
			path = Craft_Demo.xcdatamodeld;
			sourceTree = "<group>";
			versionGroupType = wrapper.xcdatamodel;
		};
/* End XCVersionGroup section */
	};
	rootObject = AD49342522DF78260042D6D7 /* Project object */;
}
